{
  "lockfileVersion": 1,
  "configVersion": 0,
  "workspaces": {
    "": {
      "name": "amp-acp",
      "dependencies": {
        "@agentclientprotocol/sdk": "0.4.8",
        "@ampcode/cli": "^0.0.1779624958-g6d0650",
        "@ampcode/sdk": "0.1.0-20260524123501-g6d0650a",
      },
      "devDependencies": {
        "@types/bun": "^1.2.5",
        "typescript": "^5.9.3",
      },
    },
  },
  "packages": {
    "@agentclientprotocol/sdk": ["@agentclientprotocol/sdk@0.4.8", "", { "dependencies": { "zod": "^3.0.0" } }, "sha512-2hN2CMMWtYVHrUeuapwLu66S2wwOPhq+bLqAryl1cQjKjL5Mzkfq+oxFYFvGdPvBoKpJSxM2pIIQiUH8tGZ3rg=="],

    "@ampcode/cli": ["@ampcode/cli@0.0.1779624958-g6d0650", "", { "optionalDependencies": { "@ampcode/cli-darwin-arm64": "0.0.1779624958-g6d0650", "@ampcode/cli-darwin-x64": "0.0.1779624958-g6d0650", "@ampcode/cli-linux-arm64": "0.0.1779624958-g6d0650", "@ampcode/cli-linux-x64": "0.0.1779624958-g6d0650", "@ampcode/cli-win32-x64": "0.0.1779624958-g6d0650" }, "bin": { "amp": "bin/amp.exe" } }, "sha512-s+zoyyX1VlCySmXGVNpK3m9kaYqbnZIzlcQpSCrfw3P5AGnUpW6jrKd5n6Ge+UDI7G8/W389Bs8XY6iiNePmzg=="],

    "@ampcode/cli-darwin-arm64": ["@ampcode/cli-darwin-arm64@0.0.1779624958-g6d0650", "", { "os": "darwin", "cpu": "arm64" }, "sha512-WyfmBBLsmWghkdDx+8liB2QjluKwH0jX2SG/H4H8sqRlPkrZwz3RXJS5d1wzLiEshvMIJJMuRTHuOG02SH9mDg=="],

    "@ampcode/cli-darwin-x64": ["@ampcode/cli-darwin-x64@0.0.1779624958-g6d0650", "", { "os": "darwin", "cpu": "x64" }, "sha512-qqbJOGK7sj/O03KLIGG8e+GHdzf7MlWJBfny0QzGkS+c4JE3K7j2lT5xnxNMrxOQr78hJbsc6loTyPVqak9+Dg=="],

    "@ampcode/cli-linux-arm64": ["@ampcode/cli-linux-arm64@0.0.1779624958-g6d0650", "", { "os": "linux", "cpu": "arm64" }, "sha512-XCcGM7HCmPDgYTVGxAc73OmUOdD6CsV4Xuwm6jSyW+CEpiDexYu3EP8jotxzGqT/YGAZQHSMsfJnjw1bT/88oQ=="],

    "@ampcode/cli-linux-x64": ["@ampcode/cli-linux-x64@0.0.1779624958-g6d0650", "", { "os": "linux", "cpu": "x64" }, "sha512-uqnfPDe4RoqRAkSuoRbzeRFI1KhGsA2QnevdskBFwJWwzjQ3Z/Yah+6WyBneWav0zRemc0C7PoPDn3eV3gyadg=="],

    "@ampcode/cli-win32-x64": ["@ampcode/cli-win32-x64@0.0.1779624958-g6d0650", "", { "os": "win32", "cpu": "x64" }, "sha512-PXHOSMf1eairHiDWGXG48W3902H8qdj1VwOyNX/UYmIoQOpTpHzPINa1BJpg6Q+S7Enm4qeevVbW6Hx81CEH3A=="],

    "@ampcode/sdk": ["@ampcode/sdk@0.1.0-20260524123501-g6d0650a", "", { "dependencies": { "zod": "^3.23.8" }, "bin": { "amp-sdk": "bin/amp-sdk.js" } }, "sha512-7qwGTuiXdc5uk5MDLapnZCSE6p4Wk64016I/vi8g5PhDjBFsjlG6uHqNCaN/a8dBaYRsvWJtJNFsXIh/zHz+nQ=="],

    "@types/bun": ["@types/bun@1.3.8", "", { "dependencies": { "bun-types": "1.3.8" } }, "sha512-3LvWJ2q5GerAXYxO2mffLTqOzEu5qnhEAlh48Vnu8WQfnmSwbgagjGZV6BoHKJztENYEDn6QmVd949W4uESRJA=="],

    "@types/node": ["@types/node@25.2.1", "", { "dependencies": { "undici-types": "~7.16.0" } }, "sha512-CPrnr8voK8vC6eEtyRzvMpgp3VyVRhgclonE7qYi6P9sXwYb59ucfrnmFBTaP0yUi8Gk4yZg/LlTJULGxvTNsg=="],

    "bun-types": ["bun-types@1.3.8", "", { "dependencies": { "@types/node": "*" } }, "sha512-fL99nxdOWvV4LqjmC+8Q9kW3M4QTtTR1eePs94v5ctGqU8OeceWrSUaRw3JYb7tU3FkMIAjkueehrHPPPGKi5Q=="],

    "typescript": ["typescript@5.9.3", "", { "bin": { "tsc": "bin/tsc", "tsserver": "bin/tsserver" } }, "sha512-jl1vZzPDinLr9eUt3J/t7V6FgNEw9QjvBPdysz9KfQDD41fQrC2Y4vKQdiaUpFT4bXlb1RHhLpp8wtm6M5TgSw=="],

    "undici-types": ["undici-types@7.16.0", "", {}, "sha512-Zz+aZWSj8LE6zoxD+xrjh4VfkIG8Ya6LvYkZqtUQGJPZjYl53ypCaUwWqo7eI0x66KBGeRo+mlBEkMSeSZ38Nw=="],

    "zod": ["zod@3.25.76", "", {}, "sha512-gzUt/qt81nXsFGKIFcC3YnfEAx5NkunCfnDlvuBSSFS02bcXu4Lmea0AFIUwbLWxWPx3d9p8S5QoaujKcNQxcQ=="],
  }
}
