{
  "name": "amp-acp",
  "version": "0.8.0",
  "lockfileVersion": 3,
  "requires": true,
  "packages": {
    "": {
      "name": "amp-acp",
      "version": "0.8.0",
      "license": "Apache-2.0",
      "dependencies": {
        "@agentclientprotocol/sdk": "0.4.8",
        "@ampcode/cli": "^0.0.1779624958-g6d0650",
        "@ampcode/sdk": "0.1.0-20260524123501-g6d0650a"
      },
      "bin": {
        "amp-acp": "dist/index.js"
      },
      "devDependencies": {
        "@types/bun": "^1.2.5",
        "typescript": "^5.9.3"
      }
    },
    "node_modules/@agentclientprotocol/sdk": {
      "version": "0.4.8",
      "resolved": "https://registry.npmjs.org/@agentclientprotocol/sdk/-/sdk-0.4.8.tgz",
      "integrity": "sha512-2hN2CMMWtYVHrUeuapwLu66S2wwOPhq+bLqAryl1cQjKjL5Mzkfq+oxFYFvGdPvBoKpJSxM2pIIQiUH8tGZ3rg==",
      "license": "Apache-2.0",
      "dependencies": {
        "zod": "^3.0.0"
      }
    },
    "node_modules/@ampcode/cli": {
      "version": "0.0.1779624958-g6d0650",
      "resolved": "https://registry.npmjs.org/@ampcode/cli/-/cli-0.0.1779624958-g6d0650.tgz",
      "integrity": "sha512-s+zoyyX1VlCySmXGVNpK3m9kaYqbnZIzlcQpSCrfw3P5AGnUpW6jrKd5n6Ge+UDI7G8/W389Bs8XY6iiNePmzg==",
      "hasInstallScript": true,
      "license": "SEE LICENSE IN LICENSE.md",
      "bin": {
        "amp": "bin/amp.exe"
      },
      "optionalDependencies": {
        "@ampcode/cli-darwin-arm64": "0.0.1779624958-g6d0650",
        "@ampcode/cli-darwin-x64": "0.0.1779624958-g6d0650",
        "@ampcode/cli-linux-arm64": "0.0.1779624958-g6d0650",
        "@ampcode/cli-linux-x64": "0.0.1779624958-g6d0650",
        "@ampcode/cli-win32-x64": "0.0.1779624958-g6d0650"
      }
    },
    "node_modules/@ampcode/cli-darwin-arm64": {
      "version": "0.0.1779624958-g6d0650",
      "resolved": "https://registry.npmjs.org/@ampcode/cli-darwin-arm64/-/cli-darwin-arm64-0.0.1779624958-g6d0650.tgz",
      "integrity": "sha512-WyfmBBLsmWghkdDx+8liB2QjluKwH0jX2SG/H4H8sqRlPkrZwz3RXJS5d1wzLiEshvMIJJMuRTHuOG02SH9mDg==",
      "cpu": [
        "arm64"
      ],
      "license": "SEE LICENSE IN LICENSE.md",
      "optional": true,
      "os": [
        "darwin"
      ]
    },
    "node_modules/@ampcode/cli-darwin-x64": {
      "version": "0.0.1779624958-g6d0650",
      "resolved": "https://registry.npmjs.org/@ampcode/cli-darwin-x64/-/cli-darwin-x64-0.0.1779624958-g6d0650.tgz",
      "integrity": "sha512-qqbJOGK7sj/O03KLIGG8e+GHdzf7MlWJBfny0QzGkS+c4JE3K7j2lT5xnxNMrxOQr78hJbsc6loTyPVqak9+Dg==",
      "cpu": [
        "x64"
      ],
      "license": "SEE LICENSE IN LICENSE.md",
      "optional": true,
      "os": [
        "darwin"
      ]
    },
    "node_modules/@ampcode/cli-linux-arm64": {
      "version": "0.0.1779624958-g6d0650",
      "resolved": "https://registry.npmjs.org/@ampcode/cli-linux-arm64/-/cli-linux-arm64-0.0.1779624958-g6d0650.tgz",
      "integrity": "sha512-XCcGM7HCmPDgYTVGxAc73OmUOdD6CsV4Xuwm6jSyW+CEpiDexYu3EP8jotxzGqT/YGAZQHSMsfJnjw1bT/88oQ==",
      "cpu": [
        "arm64"
      ],
      "libc": [
        "glibc"
      ],
      "license": "SEE LICENSE IN LICENSE.md",
      "optional": true,
      "os": [
        "linux"
      ]
    },
    "node_modules/@ampcode/cli-linux-x64": {
      "version": "0.0.1779624958-g6d0650",
      "resolved": "https://registry.npmjs.org/@ampcode/cli-linux-x64/-/cli-linux-x64-0.0.1779624958-g6d0650.tgz",
      "integrity": "sha512-uqnfPDe4RoqRAkSuoRbzeRFI1KhGsA2QnevdskBFwJWwzjQ3Z/Yah+6WyBneWav0zRemc0C7PoPDn3eV3gyadg==",
      "cpu": [
        "x64"
      ],
      "libc": [
        "glibc"
      ],
      "license": "SEE LICENSE IN LICENSE.md",
      "optional": true,
      "os": [
        "linux"
      ]
    },
    "node_modules/@ampcode/cli-win32-x64": {
      "version": "0.0.1779624958-g6d0650",
      "resolved": "https://registry.npmjs.org/@ampcode/cli-win32-x64/-/cli-win32-x64-0.0.1779624958-g6d0650.tgz",
      "integrity": "sha512-PXHOSMf1eairHiDWGXG48W3902H8qdj1VwOyNX/UYmIoQOpTpHzPINa1BJpg6Q+S7Enm4qeevVbW6Hx81CEH3A==",
      "cpu": [
        "x64"
      ],
      "license": "SEE LICENSE IN LICENSE.md",
      "optional": true,
      "os": [
        "win32"
      ]
    },
    "node_modules/@ampcode/sdk": {
      "version": "0.1.0-20260524123501-g6d0650a",
      "resolved": "https://registry.npmjs.org/@ampcode/sdk/-/sdk-0.1.0-20260524123501-g6d0650a.tgz",
      "integrity": "sha512-7qwGTuiXdc5uk5MDLapnZCSE6p4Wk64016I/vi8g5PhDjBFsjlG6uHqNCaN/a8dBaYRsvWJtJNFsXIh/zHz+nQ==",
      "license": "Amp Commercial License",
      "dependencies": {
        "zod": "^3.23.8"
      },
      "bin": {
        "amp-sdk": "bin/amp-sdk.js"
      },
      "engines": {
        "node": ">=18"
      }
    },
    "node_modules/@types/bun": {
      "version": "1.3.14",
      "resolved": "https://registry.npmjs.org/@types/bun/-/bun-1.3.14.tgz",
      "integrity": "sha512-h1hFqFVcvAvD9j9K7ZW7vd82aSA+rTdznZa+5bwvCwqSB1jmmfLcbIWhOLx1/+boy/xmjgCs/OMUL8hRJSmnPw==",
      "dev": true,
      "license": "MIT",
      "dependencies": {
        "bun-types": "1.3.14"
      }
    },
    "node_modules/@types/node": {
      "version": "25.9.1",
      "resolved": "https://registry.npmjs.org/@types/node/-/node-25.9.1.tgz",
      "integrity": "sha512-xfrlY7UD5rMJk3ZVJP8BNzS28J36YJg+xp+LPXV1TdWxr8uMH5A860QNxYDGQe/ylDSgjxE52Q9VnO7p75tJxg==",
      "dev": true,
      "license": "MIT",
      "dependencies": {
        "undici-types": ">=7.24.0 <7.24.7"
      }
    },
    "node_modules/bun-types": {
      "version": "1.3.14",
      "resolved": "https://registry.npmjs.org/bun-types/-/bun-types-1.3.14.tgz",
      "integrity": "sha512-4N0ig0fEomHt5R0KCFWjovxow98rIoRwKolrYdCcknNwMekCXRnWEUvgu5soYV8QXtVsrUD8B95MBOZGPvr6KQ==",
      "dev": true,
      "license": "MIT",
      "dependencies": {
        "@types/node": "*"
      }
    },
    "node_modules/typescript": {
      "version": "5.9.3",
      "resolved": "https://registry.npmjs.org/typescript/-/typescript-5.9.3.tgz",
      "integrity": "sha512-jl1vZzPDinLr9eUt3J/t7V6FgNEw9QjvBPdysz9KfQDD41fQrC2Y4vKQdiaUpFT4bXlb1RHhLpp8wtm6M5TgSw==",
      "dev": true,
      "license": "Apache-2.0",
      "bin": {
        "tsc": "bin/tsc",
        "tsserver": "bin/tsserver"
      },
      "engines": {
        "node": ">=14.17"
      }
    },
    "node_modules/undici-types": {
      "version": "7.24.6",
      "resolved": "https://registry.npmjs.org/undici-types/-/undici-types-7.24.6.tgz",
      "integrity": "sha512-WRNW+sJgj5OBN4/0JpHFqtqzhpbnV0GuB+OozA9gCL7a993SmU+1JBZCzLNxYsbMfIeDL+lTsphD5jN5N+n0zg==",
      "dev": true,
      "license": "MIT"
    },
    "node_modules/zod": {
      "version": "3.25.76",
      "resolved": "https://registry.npmjs.org/zod/-/zod-3.25.76.tgz",
      "integrity": "sha512-gzUt/qt81nXsFGKIFcC3YnfEAx5NkunCfnDlvuBSSFS02bcXu4Lmea0AFIUwbLWxWPx3d9p8S5QoaujKcNQxcQ==",
      "license": "MIT",
      "funding": {
        "url": "https://github.com/sponsors/colinhacks"
      }
    }
  }
}
