{
  "name": "amp-acp",
  "version": "0.1.0",
  "lockfileVersion": 3,
  "requires": true,
  "packages": {
    "": {
      "name": "amp-acp",
      "version": "0.1.0",
      "license": "Apache-2.0",
      "dependencies": {
        "@agentclientprotocol/sdk": "0.4.8"
      },
      "bin": {
        "amp-acp": "src/index.js"
      }
    },
    "node_modules/@agentclientprotocol/sdk": {
      "version": "0.4.8",
      "resolved": "https://registry.npmjs.org/@agentclientprotocol/sdk/-/sdk-0.4.8.tgz",
      "integrity": "sha512-2hN2CMMWtYVHrUeuapwLu66S2wwOPhq+bLqAryl1cQjKjL5Mzkfq+oxFYFvGdPvBoKpJSxM2pIIQiUH8tGZ3rg==",
      "license": "Apache-2.0",
      "dependencies": {
        "zod": "^3.0.0"
      }
    },
    "node_modules/zod": {
      "version": "3.25.76",
      "resolved": "https://registry.npmjs.org/zod/-/zod-3.25.76.tgz",
      "integrity": "sha512-gzUt/qt81nXsFGKIFcC3YnfEAx5NkunCfnDlvuBSSFS02bcXu4Lmea0AFIUwbLWxWPx3d9p8S5QoaujKcNQxcQ==",
      "license": "MIT",
      "funding": {
        "url": "https://github.com/sponsors/colinhacks"
      }
    }
  }
}
